
Microsoft Visual Studio Solution File, Format Version 12.00
# Visual Studio 2012
Project("{FAE04EC0-301F-11D3-BF4B-00C04F79EFBC}") = "SoundFingerprinting.Audio.Bass", "SoundFingerprinting.Audio.Bass\SoundFingerprinting.Audio.Bass.csproj", "{1F143503-3592-4A71-8CE3-026D7E8B2AD7}"
EndProject
Project("{2150E333-8FDC-42A3-9474-1A3956D46DE8}") = ".nuget", ".nuget", "{117D487C-9775-4689-B639-5B80E73DA38A}"
	ProjectSection(SolutionItems) = preProject
		.nuget\NuGet.Config = .nuget\NuGet.Config
		.nuget\NuGet.exe = .nuget\NuGet.exe
		.nuget\NuGet.targets = .nuget\NuGet.targets
	EndProjectSection
EndProject
Project("{FAE04EC0-301F-11D3-BF4B-00C04F79EFBC}") = "SoundFingerprinting.Audio.Bass.Tests", "SoundFingerprinting.Audio.Bass.Tests\SoundFingerprinting.Audio.Bass.Tests.csproj", "{459FCF27-8307-4FDA-ABC4-FDC58F0E9B91}"
EndProject
Global
	GlobalSection(SolutionConfigurationPlatforms) = preSolution
		Debug|Any CPU = Debug|Any CPU
		Release|Any CPU = Release|Any CPU
	EndGlobalSection
	GlobalSection(ProjectConfigurationPlatforms) = postSolution
		{1F143503-3592-4A71-8CE3-026D7E8B2AD7}.Debug|Any CPU.ActiveCfg = Debug|Any CPU
		{1F143503-3592-4A71-8CE3-026D7E8B2AD7}.Debug|Any CPU.Build.0 = Debug|Any CPU
		{1F143503-3592-4A71-8CE3-026D7E8B2AD7}.Release|Any CPU.ActiveCfg = Release|Any CPU
		{1F143503-3592-4A71-8CE3-026D7E8B2AD7}.Release|Any CPU.Build.0 = Release|Any CPU
		{459FCF27-8307-4FDA-ABC4-FDC58F0E9B91}.Debug|Any CPU.ActiveCfg = Debug|Any CPU
		{459FCF27-8307-4FDA-ABC4-FDC58F0E9B91}.Debug|Any CPU.Build.0 = Debug|Any CPU
		{459FCF27-8307-4FDA-ABC4-FDC58F0E9B91}.Release|Any CPU.ActiveCfg = Release|Any CPU
		{459FCF27-8307-4FDA-ABC4-FDC58F0E9B91}.Release|Any CPU.Build.0 = Release|Any CPU
	EndGlobalSection
	GlobalSection(SolutionProperties) = preSolution
		HideSolutionNode = FALSE
	EndGlobalSection
EndGlobal
